
Microsoft Visual Studio Solution File, Format Version 12.00
# Visual Studio Version 16
VisualStudioVersion = 16.0.31624.102
MinimumVisualStudioVersion = 10.0.40219.1
Project("{FAE04EC0-301F-11D3-BF4B-00C04F79EFBC}") = "Ejemplo_funciones_1", "Ejemplo_funciones_1.csproj", "{C389C6D4-B728-4506-8DD0-471FB2FEE8E1}"
EndProject
Global
	GlobalSection(SolutionConfigurationPlatforms) = preSolution
		Debug|Any CPU = Debug|Any CPU
		Release|Any CPU = Release|Any CPU
	EndGlobalSection
	GlobalSection(ProjectConfigurationPlatforms) = postSolution
		{C389C6D4-B728-4506-8DD0-471FB2FEE8E1}.Debug|Any CPU.ActiveCfg = Debug|Any CPU
		{C389C6D4-B728-4506-8DD0-471FB2FEE8E1}.Debug|Any CPU.Build.0 = Debug|Any CPU
		{C389C6D4-B728-4506-8DD0-471FB2FEE8E1}.Release|Any CPU.ActiveCfg = Release|Any CPU
		{C389C6D4-B728-4506-8DD0-471FB2FEE8E1}.Release|Any CPU.Build.0 = Release|Any CPU
	EndGlobalSection
	GlobalSection(SolutionProperties) = preSolution
		HideSolutionNode = FALSE
	EndGlobalSection
	GlobalSection(ExtensibilityGlobals) = postSolution
		SolutionGuid = {44D42048-ADB6-4921-9551-6DE7C881A7D7}
	EndGlobalSection
EndGlobal
