
Microsoft Visual Studio Solution File, Format Version 12.00
# Visual Studio Version 16
VisualStudioVersion = 16.0.31624.102
MinimumVisualStudioVersion = 10.0.40219.1
Project("{FAE04EC0-301F-11D3-BF4B-00C04F79EFBC}") = "Distribucion_calificaciones", "Distribucion_calificaciones.csproj", "{72635E65-57E2-4DDB-8A83-D16D232F363B}"
EndProject
Global
	GlobalSection(SolutionConfigurationPlatforms) = preSolution
		Debug|Any CPU = Debug|Any CPU
		Release|Any CPU = Release|Any CPU
	EndGlobalSection
	GlobalSection(ProjectConfigurationPlatforms) = postSolution
		{72635E65-57E2-4DDB-8A83-D16D232F363B}.Debug|Any CPU.ActiveCfg = Debug|Any CPU
		{72635E65-57E2-4DDB-8A83-D16D232F363B}.Debug|Any CPU.Build.0 = Debug|Any CPU
		{72635E65-57E2-4DDB-8A83-D16D232F363B}.Release|Any CPU.ActiveCfg = Release|Any CPU
		{72635E65-57E2-4DDB-8A83-D16D232F363B}.Release|Any CPU.Build.0 = Release|Any CPU
	EndGlobalSection
	GlobalSection(SolutionProperties) = preSolution
		HideSolutionNode = FALSE
	EndGlobalSection
	GlobalSection(ExtensibilityGlobals) = postSolution
		SolutionGuid = {35F74F6E-4296-452F-A2E2-4E37064A29EB}
	EndGlobalSection
EndGlobal
