
Microsoft Visual Studio Solution File, Format Version 12.00
# Visual Studio Version 16
VisualStudioVersion = 16.0.31624.102
MinimumVisualStudioVersion = 10.0.40219.1
Project("{FAE04EC0-301F-11D3-BF4B-00C04F79EFBC}") = "Arregelos_CAlificacion_Alumno_Fecha", "Arregelos_CAlificacion_Alumno_Fecha.csproj", "{1447BBFA-DC59-480C-AF18-FEDFDFD5E2CD}"
EndProject
Global
	GlobalSection(SolutionConfigurationPlatforms) = preSolution
		Debug|Any CPU = Debug|Any CPU
		Release|Any CPU = Release|Any CPU
	EndGlobalSection
	GlobalSection(ProjectConfigurationPlatforms) = postSolution
		{1447BBFA-DC59-480C-AF18-FEDFDFD5E2CD}.Debug|Any CPU.ActiveCfg = Debug|Any CPU
		{1447BBFA-DC59-480C-AF18-FEDFDFD5E2CD}.Debug|Any CPU.Build.0 = Debug|Any CPU
		{1447BBFA-DC59-480C-AF18-FEDFDFD5E2CD}.Release|Any CPU.ActiveCfg = Release|Any CPU
		{1447BBFA-DC59-480C-AF18-FEDFDFD5E2CD}.Release|Any CPU.Build.0 = Release|Any CPU
	EndGlobalSection
	GlobalSection(SolutionProperties) = preSolution
		HideSolutionNode = FALSE
	EndGlobalSection
	GlobalSection(ExtensibilityGlobals) = postSolution
		SolutionGuid = {34A63A5D-70DF-43FD-92D7-E9B5D866814A}
	EndGlobalSection
EndGlobal
