
Microsoft Visual Studio Solution File, Format Version 12.00
# Visual Studio Version 16
VisualStudioVersion = 16.0.810.7
MinimumVisualStudioVersion = 10.0.40219.1
Project("{FAE04EC0-301F-11D3-BF4B-00C04F79EFBC}") = "CalulodeBisisestos", "CalulodeBisisestos\CalulodeBisisestos.csproj", "{073A8C17-D658-4A9B-89F1-051799BB464D}"
EndProject
Global
	GlobalSection(SolutionConfigurationPlatforms) = preSolution
		Debug|Any CPU = Debug|Any CPU
		Release|Any CPU = Release|Any CPU
	EndGlobalSection
	GlobalSection(ProjectConfigurationPlatforms) = postSolution
		{073A8C17-D658-4A9B-89F1-051799BB464D}.Debug|Any CPU.ActiveCfg = Debug|Any CPU
		{073A8C17-D658-4A9B-89F1-051799BB464D}.Debug|Any CPU.Build.0 = Debug|Any CPU
		{073A8C17-D658-4A9B-89F1-051799BB464D}.Release|Any CPU.ActiveCfg = Release|Any CPU
		{073A8C17-D658-4A9B-89F1-051799BB464D}.Release|Any CPU.Build.0 = Release|Any CPU
	EndGlobalSection
	GlobalSection(SolutionProperties) = preSolution
		HideSolutionNode = FALSE
	EndGlobalSection
	GlobalSection(ExtensibilityGlobals) = postSolution
		SolutionGuid = {08E824C2-9386-449E-A794-A386FDF6B111}
	EndGlobalSection
EndGlobal
