
Microsoft Visual Studio Solution File, Format Version 12.00
# Visual Studio Version 16
VisualStudioVersion = 16.0.31624.102
MinimumVisualStudioVersion = 10.0.40219.1
Project("{FAE04EC0-301F-11D3-BF4B-00C04F79EFBC}") = "Practica", "Practica.csproj", "{A10C9847-3C61-4ACA-8A72-3EEA58491173}"
EndProject
Global
	GlobalSection(SolutionConfigurationPlatforms) = preSolution
		Debug|Any CPU = Debug|Any CPU
		Release|Any CPU = Release|Any CPU
	EndGlobalSection
	GlobalSection(ProjectConfigurationPlatforms) = postSolution
		{A10C9847-3C61-4ACA-8A72-3EEA58491173}.Debug|Any CPU.ActiveCfg = Debug|Any CPU
		{A10C9847-3C61-4ACA-8A72-3EEA58491173}.Debug|Any CPU.Build.0 = Debug|Any CPU
		{A10C9847-3C61-4ACA-8A72-3EEA58491173}.Release|Any CPU.ActiveCfg = Release|Any CPU
		{A10C9847-3C61-4ACA-8A72-3EEA58491173}.Release|Any CPU.Build.0 = Release|Any CPU
	EndGlobalSection
	GlobalSection(SolutionProperties) = preSolution
		HideSolutionNode = FALSE
	EndGlobalSection
	GlobalSection(ExtensibilityGlobals) = postSolution
		SolutionGuid = {8C50F18F-455F-4533-962A-CCC4C76BCF31}
	EndGlobalSection
EndGlobal
