
Microsoft Visual Studio Solution File, Format Version 12.00
# Visual Studio Version 16
VisualStudioVersion = 16.0.810.7
MinimumVisualStudioVersion = 10.0.40219.1
Project("{FAE04EC0-301F-11D3-BF4B-00C04F79EFBC}") = "CicloWhile1alN", "CicloWhile1alN\CicloWhile1alN.csproj", "{A8C5F552-AA94-4D98-A742-8E6548DBAB87}"
EndProject
Global
	GlobalSection(SolutionConfigurationPlatforms) = preSolution
		Debug|Any CPU = Debug|Any CPU
		Release|Any CPU = Release|Any CPU
	EndGlobalSection
	GlobalSection(ProjectConfigurationPlatforms) = postSolution
		{A8C5F552-AA94-4D98-A742-8E6548DBAB87}.Debug|Any CPU.ActiveCfg = Debug|Any CPU
		{A8C5F552-AA94-4D98-A742-8E6548DBAB87}.Debug|Any CPU.Build.0 = Debug|Any CPU
		{A8C5F552-AA94-4D98-A742-8E6548DBAB87}.Release|Any CPU.ActiveCfg = Release|Any CPU
		{A8C5F552-AA94-4D98-A742-8E6548DBAB87}.Release|Any CPU.Build.0 = Release|Any CPU
	EndGlobalSection
	GlobalSection(SolutionProperties) = preSolution
		HideSolutionNode = FALSE
	EndGlobalSection
	GlobalSection(ExtensibilityGlobals) = postSolution
		SolutionGuid = {04417F19-97FC-40AC-84E9-167DB79125DE}
	EndGlobalSection
EndGlobal
